
Microsoft Visual Studio Solution File, Format Version 12.00
# Visual Studio Version 16
VisualStudioVersion = 16.0.29230.47
MinimumVisualStudioVersion = 10.0.40219.1
Project("{FAE04EC0-301F-11D3-BF4B-00C04F79EFBC}") = "Remoting.net", "Remoting.net.csproj", "{38E78B99-BF82-4F4D-80AF-B9ED0021EE9B}"
EndProject
Project("{FAE04EC0-301F-11D3-BF4B-00C04F79EFBC}") = "SharedDefinition", "..\SharedDefinition\SharedDefinition.csproj", "{461A2EFC-4731-4383-AEFF-4DC65E95EA29}"
EndProject
Project("{FAE04EC0-301F-11D3-BF4B-00C04F79EFBC}") = "RemotingClient", "..\RemotingClient\RemotingClient.csproj", "{C6AB390B-B159-4190-B6FB-EBE95DD30290}"
EndProject
Global
	GlobalSection(SolutionConfigurationPlatforms) = preSolution
		Debug|Any CPU = Debug|Any CPU
		Release|Any CPU = Release|Any CPU
	EndGlobalSection
	GlobalSection(ProjectConfigurationPlatforms) = postSolution
		{38E78B99-BF82-4F4D-80AF-B9ED0021EE9B}.Debug|Any CPU.ActiveCfg = Debug|Any CPU
		{38E78B99-BF82-4F4D-80AF-B9ED0021EE9B}.Debug|Any CPU.Build.0 = Debug|Any CPU
		{38E78B99-BF82-4F4D-80AF-B9ED0021EE9B}.Release|Any CPU.ActiveCfg = Release|Any CPU
		{38E78B99-BF82-4F4D-80AF-B9ED0021EE9B}.Release|Any CPU.Build.0 = Release|Any CPU
		{461A2EFC-4731-4383-AEFF-4DC65E95EA29}.Debug|Any CPU.ActiveCfg = Debug|Any CPU
		{461A2EFC-4731-4383-AEFF-4DC65E95EA29}.Debug|Any CPU.Build.0 = Debug|Any CPU
		{461A2EFC-4731-4383-AEFF-4DC65E95EA29}.Release|Any CPU.ActiveCfg = Release|Any CPU
		{461A2EFC-4731-4383-AEFF-4DC65E95EA29}.Release|Any CPU.Build.0 = Release|Any CPU
		{C6AB390B-B159-4190-B6FB-EBE95DD30290}.Debug|Any CPU.ActiveCfg = Debug|Any CPU
		{C6AB390B-B159-4190-B6FB-EBE95DD30290}.Debug|Any CPU.Build.0 = Debug|Any CPU
		{C6AB390B-B159-4190-B6FB-EBE95DD30290}.Release|Any CPU.ActiveCfg = Release|Any CPU
		{C6AB390B-B159-4190-B6FB-EBE95DD30290}.Release|Any CPU.Build.0 = Release|Any CPU
	EndGlobalSection
	GlobalSection(SolutionProperties) = preSolution
		HideSolutionNode = FALSE
	EndGlobalSection
	GlobalSection(ExtensibilityGlobals) = postSolution
		SolutionGuid = {AAB8FD39-D0C6-4632-A941-59A78969B060}
	EndGlobalSection
EndGlobal
